<?xml version="1.0" encoding="utf-8"?>
<Project ToolsVersion="4.0" xmlns="http://schemas.microsoft.com/developer/msbuild/2003">
  <ItemGroup>
    <CudaCompile Include="little_cuda_functions.cu" />
    <CudaCompile Include="slicing.cu" />
    <CudaCompile Include="cubefilling.cu" />
    <CudaCompile Include="convolution_shared.cu" />
  </ItemGroup>
  <ItemGroup>
    <Filter Include="Ressources">
      <UniqueIdentifier>{89901c25-6645-4004-bf27-eb6586bb675d}</UniqueIdentifier>
    </Filter>
  </ItemGroup>
  <ItemGroup>
    <Image Include="Result.bmp">
      <Filter>Ressources</Filter>
    </Image>
    <Image Include="lena.bmp">
      <Filter>Ressources</Filter>
    </Image>
  </ItemGroup>
  <ItemGroup>
    <ClInclude Include="stdafx.h" />
    <ClInclude Include="include_file.h" />
    <ClInclude Include="little_cuda_functions.h" />
    <ClInclude Include="slicing.h" />
    <ClInclude Include="cubefilling.cuh" />
    <ClInclude Include="convolution_shared.h" />
  </ItemGroup>
  <ItemGroup>
    <ClCompile Include="main.cpp" />
  </ItemGroup>
</Project>